// !$*UTF8*$!
{
	archiveVersion = 1;
	classes = {
	};
	objectVersion = 55;
	objects = {

/* Begin PBXBuildFile section */
		9F06BCAA28A26A5E00264E23 /* ConferenceFacesApp.swift in Sources */ = {isa = PBXBuildFile; fileRef = 9F06BCA928A26A5E00264E23 /* ConferenceFacesApp.swift */; };
		9F06BCAC28A26A5E00264E23 /* MainView.swift in Sources */ = {isa = PBXBuildFile; fileRef = 9F06BCAB28A26A5E00264E23 /* MainView.swift */; };
		9F06BCAE28A26A5F00264E23 /* Assets.xcassets in Resources */ = {isa = PBXBuildFile; fileRef = 9F06BCAD28A26A5F00264E23 /* Assets.xcassets */; };
		9F06BCB128A26A5F00264E23 /* Preview Assets.xcassets in Resources */ = {isa = PBXBuildFile; fileRef = 9F06BCB028A26A5F00264E23 /* Preview Assets.xcassets */; };
		9F06BCB928A26AC600264E23 /* ImagePicker.swift in Sources */ = {isa = PBXBuildFile; fileRef = 9F06BCB828A26AC600264E23 /* ImagePicker.swift */; };
		9F9B225828A528F8008A0E3E /* ConferenceModel.swift in Sources */ = {isa = PBXBuildFile; fileRef = 9F9B225728A528F8008A0E3E /* ConferenceModel.swift */; };
		9F9B225A28A52904008A0E3E /* UserModel.swift in Sources */ = {isa = PBXBuildFile; fileRef = 9F9B225928A52904008A0E3E /* UserModel.swift */; };
		9F9B225C28A531C3008A0E3E /* ConferenceBriefView.swift in Sources */ = {isa = PBXBuildFile; fileRef = 9F9B225B28A531C3008A0E3E /* ConferenceBriefView.swift */; };
		9F9B225E28A53535008A0E3E /* ConferenceFullView.swift in Sources */ = {isa = PBXBuildFile; fileRef = 9F9B225D28A53535008A0E3E /* ConferenceFullView.swift */; };
		9F9B226028A53604008A0E3E /* DocuemntsDirectory.swift in Sources */ = {isa = PBXBuildFile; fileRef = 9F9B225F28A53604008A0E3E /* DocuemntsDirectory.swift */; };
		9F9B226328A80CED008A0E3E /* ConferenceViewModel.swift in Sources */ = {isa = PBXBuildFile; fileRef = 9F9B226228A80CED008A0E3E /* ConferenceViewModel.swift */; };
/* End PBXBuildFile section */

/* Begin PBXFileReference section */
		9F06BCA628A26A5E00264E23 /* ConferenceFaces.app */ = {isa = PBXFileReference; explicitFileType = wrapper.application; includeInIndex = 0; path = ConferenceFaces.app; sourceTree = BUILT_PRODUCTS_DIR; };
		9F06BCA928A26A5E00264E23 /* ConferenceFacesApp.swift */ = {isa = PBXFileReference; lastKnownFileType = sourcecode.swift; path = ConferenceFacesApp.swift; sourceTree = "<group>"; };
		9F06BCAB28A26A5E00264E23 /* MainView.swift */ = {isa = PBXFileReference; lastKnownFileType = sourcecode.swift; path = MainView.swift; sourceTree = "<group>"; };
		9F06BCAD28A26A5F00264E23 /* Assets.xcassets */ = {isa = PBXFileReference; lastKnownFileType = folder.assetcatalog; path = Assets.xcassets; sourceTree = "<group>"; };
		9F06BCB028A26A5F00264E23 /* Preview Assets.xcassets */ = {isa = PBXFileReference; lastKnownFileType = folder.assetcatalog; path = "Preview Assets.xcassets"; sourceTree = "<group>"; };
		9F06BCB828A26AC600264E23 /* ImagePicker.swift */ = {isa = PBXFileReference; lastKnownFileType = sourcecode.swift; path = ImagePicker.swift; sourceTree = "<group>"; };
		9F9B225728A528F8008A0E3E /* ConferenceModel.swift */ = {isa = PBXFileReference; lastKnownFileType = sourcecode.swift; path = ConferenceModel.swift; sourceTree = "<group>"; };
		9F9B225928A52904008A0E3E /* UserModel.swift */ = {isa = PBXFileReference; lastKnownFileType = sourcecode.swift; path = UserModel.swift; sourceTree = "<group>"; };
		9F9B225B28A531C3008A0E3E /* ConferenceBriefView.swift */ = {isa = PBXFileReference; lastKnownFileType = sourcecode.swift; path = ConferenceBriefView.swift; sourceTree = "<group>"; };
		9F9B225D28A53535008A0E3E /* ConferenceFullView.swift */ = {isa = PBXFileReference; lastKnownFileType = sourcecode.swift; path = ConferenceFullView.swift; sourceTree = "<group>"; };
		9F9B225F28A53604008A0E3E /* DocuemntsDirectory.swift */ = {isa = PBXFileReference; lastKnownFileType = sourcecode.swift; path = DocuemntsDirectory.swift; sourceTree = "<group>"; };
		9F9B226228A80CED008A0E3E /* ConferenceViewModel.swift */ = {isa = PBXFileReference; lastKnownFileType = sourcecode.swift; path = ConferenceViewModel.swift; sourceTree = "<group>"; };
/* End PBXFileReference section */

/* Begin PBXFrameworksBuildPhase section */
		9F06BCA328A26A5E00264E23 /* Frameworks */ = {
			isa = PBXFrameworksBuildPhase;
			buildActionMask = 2147483647;
			files = (
			);
			runOnlyForDeploymentPostprocessing = 0;
		};
/* End PBXFrameworksBuildPhase section */

/* Begin PBXGroup section */
		9F06BC9D28A26A5E00264E23 = {
			isa = PBXGroup;
			children = (
				9F06BCA828A26A5E00264E23 /* ConferenceFaces */,
				9F06BCA728A26A5E00264E23 /* Products */,
			);
			sourceTree = "<group>";
		};
		9F06BCA728A26A5E00264E23 /* Products */ = {
			isa = PBXGroup;
			children = (
				9F06BCA628A26A5E00264E23 /* ConferenceFaces.app */,
			);
			name = Products;
			sourceTree = "<group>";
		};
		9F06BCA828A26A5E00264E23 /* ConferenceFaces */ = {
			isa = PBXGroup;
			children = (
				9F9B226128A80CBA008A0E3E /* ViewModels */,
				9F9B225628A528D6008A0E3E /* Models */,
				9F9B225528A528A7008A0E3E /* Views */,
				9F06BCB728A26AB300264E23 /* Helpers */,
				9F06BCA928A26A5E00264E23 /* ConferenceFacesApp.swift */,
				9F06BCAD28A26A5F00264E23 /* Assets.xcassets */,
				9F06BCAF28A26A5F00264E23 /* Preview Content */,
			);
			path = ConferenceFaces;
			sourceTree = "<group>";
		};
		9F06BCAF28A26A5F00264E23 /* Preview Content */ = {
			isa = PBXGroup;
			children = (
				9F06BCB028A26A5F00264E23 /* Preview Assets.xcassets */,
			);
			path = "Preview Content";
			sourceTree = "<group>";
		};
		9F06BCB728A26AB300264E23 /* Helpers */ = {
			isa = PBXGroup;
			children = (
				9F9B225F28A53604008A0E3E /* DocuemntsDirectory.swift */,
				9F06BCB828A26AC600264E23 /* ImagePicker.swift */,
			);
			path = Helpers;
			sourceTree = "<group>";
		};
		9F9B225528A528A7008A0E3E /* Views */ = {
			isa = PBXGroup;
			children = (
				9F06BCAB28A26A5E00264E23 /* MainView.swift */,
				9F9B225B28A531C3008A0E3E /* ConferenceBriefView.swift */,
				9F9B225D28A53535008A0E3E /* ConferenceFullView.swift */,
			);
			path = Views;
			sourceTree = "<group>";
		};
		9F9B225628A528D6008A0E3E /* Models */ = {
			isa = PBXGroup;
			children = (
				9F9B225728A528F8008A0E3E /* ConferenceModel.swift */,
				9F9B225928A52904008A0E3E /* UserModel.swift */,
			);
			path = Models;
			sourceTree = "<group>";
		};
		9F9B226128A80CBA008A0E3E /* ViewModels */ = {
			isa = PBXGroup;
			children = (
				9F9B226228A80CED008A0E3E /* ConferenceViewModel.swift */,
			);
			path = ViewModels;
			sourceTree = "<group>";
		};
/* End PBXGroup section */

/* Begin PBXNativeTarget section */
		9F06BCA528A26A5E00264E23 /* ConferenceFaces */ = {
			isa = PBXNativeTarget;
			buildConfigurationList = 9F06BCB428A26A5F00264E23 /* Build configuration list for PBXNativeTarget "ConferenceFaces" */;
			buildPhases = (
				9F06BCA228A26A5E00264E23 /* Sources */,
				9F06BCA328A26A5E00264E23 /* Frameworks */,
				9F06BCA428A26A5E00264E23 /* Resources */,
			);
			buildRules = (
			);
			dependencies = (
			);
			name = ConferenceFaces;
			productName = ConferenceFaces;
			productReference = 9F06BCA628A26A5E00264E23 /* ConferenceFaces.app */;
			productType = "com.apple.product-type.application";
		};
/* End PBXNativeTarget section */

/* Begin PBXProject section */
		9F06BC9E28A26A5E00264E23 /* Project object */ = {
			isa = PBXProject;
			attributes = {
				BuildIndependentTargetsInParallel = 1;
				LastSwiftUpdateCheck = 1340;
				LastUpgradeCheck = 1340;
				TargetAttributes = {
					9F06BCA528A26A5E00264E23 = {
						CreatedOnToolsVersion = 13.4.1;
					};
				};
			};
			buildConfigurationList = 9F06BCA128A26A5E00264E23 /* Build configuration list for PBXProject "ConferenceFaces" */;
			compatibilityVersion = "Xcode 13.0";
			developmentRegion = en;
			hasScannedForEncodings = 0;
			knownRegions = (
				en,
				Base,
			);
			mainGroup = 9F06BC9D28A26A5E00264E23;
			productRefGroup = 9F06BCA728A26A5E00264E23 /* Products */;
			projectDirPath = "";
			projectRoot = "";
			targets = (
				9F06BCA528A26A5E00264E23 /* ConferenceFaces */,
			);
		};
/* End PBXProject section */

/* Begin PBXResourcesBuildPhase section */
		9F06BCA428A26A5E00264E23 /* Resources */ = {
			isa = PBXResourcesBuildPhase;
			buildActionMask = 2147483647;
			files = (
				9F06BCB128A26A5F00264E23 /* Preview Assets.xcassets in Resources */,
				9F06BCAE28A26A5F00264E23 /* Assets.xcassets in Resources */,
			);
			runOnlyForDeploymentPostprocessing = 0;
		};
/* End PBXResourcesBuildPhase section */

/* Begin PBXSourcesBuildPhase section */
		9F06BCA228A26A5E00264E23 /* Sources */ = {
			isa = PBXSourcesBuildPhase;
			buildActionMask = 2147483647;
			files = (
				9F9B226028A53604008A0E3E /* DocuemntsDirectory.swift in Sources */,
				9F06BCB928A26AC600264E23 /* ImagePicker.swift in Sources */,
				9F9B225E28A53535008A0E3E /* ConferenceFullView.swift in Sources */,
				9F06BCAC28A26A5E00264E23 /* MainView.swift in Sources */,
				9F06BCAA28A26A5E00264E23 /* ConferenceFacesApp.swift in Sources */,
				9F9B225A28A52904008A0E3E /* UserModel.swift in Sources */,
				9F9B225828A528F8008A0E3E /* ConferenceModel.swift in Sources */,
				9F9B226328A80CED008A0E3E /* ConferenceViewModel.swift in Sources */,
				9F9B225C28A531C3008A0E3E /* ConferenceBriefView.swift in Sources */,
			);
			runOnlyForDeploymentPostprocessing = 0;
		};
/* End PBXSourcesBuildPhase section */

/* Begin XCBuildConfiguration section */
		9F06BCB228A26A5F00264E23 /* Debug */ = {
			isa = XCBuildConfiguration;
			buildSettings = {
				ALWAYS_SEARCH_USER_PATHS = NO;
				CLANG_ANALYZER_NONNULL = YES;
				CLANG_ANALYZER_NUMBER_OBJECT_CONVERSION = YES_AGGRESSIVE;
				CLANG_CXX_LANGUAGE_STANDARD = "gnu++17";
				CLANG_ENABLE_MODULES = YES;
				CLANG_ENABLE_OBJC_ARC = YES;
				CLANG_ENABLE_OBJC_WEAK = YES;
				CLANG_WARN_BLOCK_CAPTURE_AUTORELEASING = YES;
				CLANG_WARN_BOOL_CONVERSION = YES;
				CLANG_WARN_COMMA = YES;
				CLANG_WARN_CONSTANT_CONVERSION = YES;
				CLANG_WARN_DEPRECATED_OBJC_IMPLEMENTATIONS = YES;
				CLANG_WARN_DIRECT_OBJC_ISA_USAGE = YES_ERROR;
				CLANG_WARN_DOCUMENTATION_COMMENTS = YES;
				CLANG_WARN_EMPTY_BODY = YES;
				CLANG_WARN_ENUM_CONVERSION = YES;
				CLANG_WARN_INFINITE_RECURSION = YES;
				CLANG_WARN_INT_CONVERSION = YES;
				CLANG_WARN_NON_LITERAL_NULL_CONVERSION = YES;
				CLANG_WARN_OBJC_IMPLICIT_RETAIN_SELF = YES;
				CLANG_WARN_OBJC_LITERAL_CONVERSION = YES;
				CLANG_WARN_OBJC_ROOT_CLASS = YES_ERROR;
				CLANG_WARN_QUOTED_INCLUDE_IN_FRAMEWORK_HEADER = YES;
				CLANG_WARN_RANGE_LOOP_ANALYSIS = YES;
				CLANG_WARN_STRICT_PROTOTYPES = YES;
				CLANG_WARN_SUSPICIOUS_MOVE = YES;
				CLANG_WARN_UNGUARDED_AVAILABILITY = YES_AGGRESSIVE;
				CLANG_WARN_UNREACHABLE_CODE = YES;
				CLANG_WARN__DUPLICATE_METHOD_MATCH = YES;
				COPY_PHASE_STRIP = NO;
				DEBUG_INFORMATION_FORMAT = dwarf;
				ENABLE_STRICT_OBJC_MSGSEND = YES;
				ENABLE_TESTABILITY = YES;
				GCC_C_LANGUAGE_STANDARD = gnu11;
				GCC_DYNAMIC_NO_PIC = NO;
				GCC_NO_COMMON_BLOCKS = YES;
				GCC_OPTIMIZATION_LEVEL = 0;
				GCC_PREPROCESSOR_DEFINITIONS = (
					"DEBUG=1",
					"$(inherited)",
				);
				GCC_WARN_64_TO_32_BIT_CONVERSION = YES;
				GCC_WARN_ABOUT_RETURN_TYPE = YES_ERROR;
				GCC_WARN_UNDECLARED_SELECTOR = YES;
				GCC_WARN_UNINITIALIZED_AUTOS = YES_AGGRESSIVE;
				GCC_WARN_UNUSED_FUNCTION = YES;
				GCC_WARN_UNUSED_VARIABLE = YES;
				IPHONEOS_DEPLOYMENT_TARGET = 15.5;
				MTL_ENABLE_DEBUG_INFO = INCLUDE_SOURCE;
				MTL_FAST_MATH = YES;
				ONLY_ACTIVE_ARCH = YES;
				SDKROOT = iphoneos;
				SWIFT_ACTIVE_COMPILATION_CONDITIONS = DEBUG;
				SWIFT_OPTIMIZATION_LEVEL = "-Onone";
			};
			name = Debug;
		};
		9F06BCB328A26A5F00264E23 /* Release */ = {
			isa = XCBuildConfiguration;
			buildSettings = {
				ALWAYS_SEARCH_USER_PATHS = NO;
				CLANG_ANALYZER_NONNULL = YES;
				CLANG_ANALYZER_NUMBER_OBJECT_CONVERSION = YES_AGGRESSIVE;
				CLANG_CXX_LANGUAGE_STANDARD = "gnu++17";
				CLANG_ENABLE_MODULES = YES;
				CLANG_ENABLE_OBJC_ARC = YES;
				CLANG_ENABLE_OBJC_WEAK = YES;
				CLANG_WARN_BLOCK_CAPTURE_AUTORELEASING = YES;
				CLANG_WARN_BOOL_CONVERSION = YES;
				CLANG_WARN_COMMA = YES;
				CLANG_WARN_CONSTANT_CONVERSION = YES;
				CLANG_WARN_DEPRECATED_OBJC_IMPLEMENTATIONS = YES;
				CLANG_WARN_DIRECT_OBJC_ISA_USAGE = YES_ERROR;
				CLANG_WARN_DOCUMENTATION_COMMENTS = YES;
				CLANG_WARN_EMPTY_BODY = YES;
				CLANG_WARN_ENUM_CONVERSION = YES;
				CLANG_WARN_INFINITE_RECURSION = YES;
				CLANG_WARN_INT_CONVERSION = YES;
				CLANG_WARN_NON_LITERAL_NULL_CONVERSION = YES;
				CLANG_WARN_OBJC_IMPLICIT_RETAIN_SELF = YES;
				CLANG_WARN_OBJC_LITERAL_CONVERSION = YES;
				CLANG_WARN_OBJC_ROOT_CLASS = YES_ERROR;
				CLANG_WARN_QUOTED_INCLUDE_IN_FRAMEWORK_HEADER = YES;
				CLANG_WARN_RANGE_LOOP_ANALYSIS = YES;
				CLANG_WARN_STRICT_PROTOTYPES = YES;
				CLANG_WARN_SUSPICIOUS_MOVE = YES;
				CLANG_WARN_UNGUARDED_AVAILABILITY = YES_AGGRESSIVE;
				CLANG_WARN_UNREACHABLE_CODE = YES;
				CLANG_WARN__DUPLICATE_METHOD_MATCH = YES;
				COPY_PHASE_STRIP = NO;
				DEBUG_INFORMATION_FORMAT = "dwarf-with-dsym";
				ENABLE_NS_ASSERTIONS = NO;
				ENABLE_STRICT_OBJC_MSGSEND = YES;
				GCC_C_LANGUAGE_STANDARD = gnu11;
				GCC_NO_COMMON_BLOCKS = YES;
				GCC_WARN_64_TO_32_BIT_CONVERSION = YES;
				GCC_WARN_ABOUT_RETURN_TYPE = YES_ERROR;
				GCC_WARN_UNDECLARED_SELECTOR = YES;
				GCC_WARN_UNINITIALIZED_AUTOS = YES_AGGRESSIVE;
				GCC_WARN_UNUSED_FUNCTION = YES;
				GCC_WARN_UNUSED_VARIABLE = YES;
				IPHONEOS_DEPLOYMENT_TARGET = 15.5;
				MTL_ENABLE_DEBUG_INFO = NO;
				MTL_FAST_MATH = YES;
				SDKROOT = iphoneos;
				SWIFT_COMPILATION_MODE = wholemodule;
				SWIFT_OPTIMIZATION_LEVEL = "-O";
				VALIDATE_PRODUCT = YES;
			};
			name = Release;
		};
		9F06BCB528A26A5F00264E23 /* Debug */ = {
			isa = XCBuildConfiguration;
			buildSettings = {
				ASSETCATALOG_COMPILER_APPICON_NAME = AppIcon;
				ASSETCATALOG_COMPILER_GLOBAL_ACCENT_COLOR_NAME = AccentColor;
				CODE_SIGN_STYLE = Automatic;
				CURRENT_PROJECT_VERSION = 1;
				DEVELOPMENT_ASSET_PATHS = "\"ConferenceFaces/Preview Content\"";
				DEVELOPMENT_TEAM = Z8X43A4TG9;
				ENABLE_PREVIEWS = YES;
				GENERATE_INFOPLIST_FILE = YES;
				INFOPLIST_KEY_NSPhotoLibraryUsageDescription = "We want to get access to your photos to work with new personas";
				INFOPLIST_KEY_UIApplicationSceneManifest_Generation = YES;
				INFOPLIST_KEY_UIApplicationSupportsIndirectInputEvents = YES;
				INFOPLIST_KEY_UILaunchScreen_Generation = YES;
				INFOPLIST_KEY_UISupportedInterfaceOrientations_iPad = "UIInterfaceOrientationPortrait UIInterfaceOrientationPortraitUpsideDown UIInterfaceOrientationLandscapeLeft UIInterfaceOrientationLandscapeRight";
				INFOPLIST_KEY_UISupportedInterfaceOrientations_iPhone = "UIInterfaceOrientationPortrait UIInterfaceOrientationLandscapeLeft UIInterfaceOrientationLandscapeRight";
				LD_RUNPATH_SEARCH_PATHS = (
					"$(inherited)",
					"@executable_path/Frameworks",
				);
				MARKETING_VERSION = 1.0;
				PRODUCT_BUNDLE_IDENTIFIER = abo.ConferenceFaces;
				PRODUCT_NAME = "$(TARGET_NAME)";
				SWIFT_EMIT_LOC_STRINGS = YES;
				SWIFT_VERSION = 5.0;
				TARGETED_DEVICE_FAMILY = "1,2";
			};
			name = Debug;
		};
		9F06BCB628A26A5F00264E23 /* Release */ = {
			isa = XCBuildConfiguration;
			buildSettings = {
				ASSETCATALOG_COMPILER_APPICON_NAME = AppIcon;
				ASSETCATALOG_COMPILER_GLOBAL_ACCENT_COLOR_NAME = AccentColor;
				CODE_SIGN_STYLE = Automatic;
				CURRENT_PROJECT_VERSION = 1;
				DEVELOPMENT_ASSET_PATHS = "\"ConferenceFaces/Preview Content\"";
				DEVELOPMENT_TEAM = Z8X43A4TG9;
				ENABLE_PREVIEWS = YES;
				GENERATE_INFOPLIST_FILE = YES;
				INFOPLIST_KEY_NSPhotoLibraryUsageDescription = "We want to get access to your photos to work with new personas";
				INFOPLIST_KEY_UIApplicationSceneManifest_Generation = YES;
				INFOPLIST_KEY_UIApplicationSupportsIndirectInputEvents = YES;
				INFOPLIST_KEY_UILaunchScreen_Generation = YES;
				INFOPLIST_KEY_UISupportedInterfaceOrientations_iPad = "UIInterfaceOrientationPortrait UIInterfaceOrientationPortraitUpsideDown UIInterfaceOrientationLandscapeLeft UIInterfaceOrientationLandscapeRight";
				INFOPLIST_KEY_UISupportedInterfaceOrientations_iPhone = "UIInterfaceOrientationPortrait UIInterfaceOrientationLandscapeLeft UIInterfaceOrientationLandscapeRight";
				LD_RUNPATH_SEARCH_PATHS = (
					"$(inherited)",
					"@executable_path/Frameworks",
				);
				MARKETING_VERSION = 1.0;
				PRODUCT_BUNDLE_IDENTIFIER = abo.ConferenceFaces;
				PRODUCT_NAME = "$(TARGET_NAME)";
				SWIFT_EMIT_LOC_STRINGS = YES;
				SWIFT_VERSION = 5.0;
				TARGETED_DEVICE_FAMILY = "1,2";
			};
			name = Release;
		};
/* End XCBuildConfiguration section */

/* Begin XCConfigurationList section */
		9F06BCA128A26A5E00264E23 /* Build configuration list for PBXProject "ConferenceFaces" */ = {
			isa = XCConfigurationList;
			buildConfigurations = (
				9F06BCB228A26A5F00264E23 /* Debug */,
				9F06BCB328A26A5F00264E23 /* Release */,
			);
			defaultConfigurationIsVisible = 0;
			defaultConfigurationName = Release;
		};
		9F06BCB428A26A5F00264E23 /* Build configuration list for PBXNativeTarget "ConferenceFaces" */ = {
			isa = XCConfigurationList;
			buildConfigurations = (
				9F06BCB528A26A5F00264E23 /* Debug */,
				9F06BCB628A26A5F00264E23 /* Release */,
			);
			defaultConfigurationIsVisible = 0;
			defaultConfigurationName = Release;
		};
/* End XCConfigurationList section */
	};
	rootObject = 9F06BC9E28A26A5E00264E23 /* Project object */;
}
