// !$*UTF8*$!
{
	archiveVersion = 1;
	classes = {
	};
	objectVersion = 55;
	objects = {

/* Begin PBXBuildFile section */
		9FE86048285376A800FD0F7D /* Multiplication_TableApp.swift in Sources */ = {isa = PBXBuildFile; fileRef = 9FE86047285376A800FD0F7D /* Multiplication_TableApp.swift */; };
		9FE8604A285376A800FD0F7D /* ContentView.swift in Sources */ = {isa = PBXBuildFile; fileRef = 9FE86049285376A800FD0F7D /* ContentView.swift */; };
		9FE8604C285376AD00FD0F7D /* Assets.xcassets in Resources */ = {isa = PBXBuildFile; fileRef = 9FE8604B285376AD00FD0F7D /* Assets.xcassets */; };
		9FE8604F285376AD00FD0F7D /* Preview Assets.xcassets in Resources */ = {isa = PBXBuildFile; fileRef = 9FE8604E285376AD00FD0F7D /* Preview Assets.xcassets */; };
		9FE860922853782800FD0F7D /* Questions.swift in Sources */ = {isa = PBXBuildFile; fileRef = 9FE860912853782800FD0F7D /* Questions.swift */; };
		9FE860942853C19B00FD0F7D /* MathOpeatorsView.swift in Sources */ = {isa = PBXBuildFile; fileRef = 9FE860932853C19B00FD0F7D /* MathOpeatorsView.swift */; };
		9FE860962853C55F00FD0F7D /* View extensions.swift in Sources */ = {isa = PBXBuildFile; fileRef = 9FE860952853C55F00FD0F7D /* View extensions.swift */; };
		9FE86098285600BC00FD0F7D /* AnswerBlockView.swift in Sources */ = {isa = PBXBuildFile; fileRef = 9FE86097285600BC00FD0F7D /* AnswerBlockView.swift */; };
/* End PBXBuildFile section */

/* Begin PBXFileReference section */
		9FE86044285376A800FD0F7D /* Multiplication Table.app */ = {isa = PBXFileReference; explicitFileType = wrapper.application; includeInIndex = 0; path = "Multiplication Table.app"; sourceTree = BUILT_PRODUCTS_DIR; };
		9FE86047285376A800FD0F7D /* Multiplication_TableApp.swift */ = {isa = PBXFileReference; lastKnownFileType = sourcecode.swift; path = Multiplication_TableApp.swift; sourceTree = "<group>"; };
		9FE86049285376A800FD0F7D /* ContentView.swift */ = {isa = PBXFileReference; lastKnownFileType = sourcecode.swift; path = ContentView.swift; sourceTree = "<group>"; };
		9FE8604B285376AD00FD0F7D /* Assets.xcassets */ = {isa = PBXFileReference; lastKnownFileType = folder.assetcatalog; path = Assets.xcassets; sourceTree = "<group>"; };
		9FE8604E285376AD00FD0F7D /* Preview Assets.xcassets */ = {isa = PBXFileReference; lastKnownFileType = folder.assetcatalog; path = "Preview Assets.xcassets"; sourceTree = "<group>"; };
		9FE860912853782800FD0F7D /* Questions.swift */ = {isa = PBXFileReference; lastKnownFileType = sourcecode.swift; path = Questions.swift; sourceTree = "<group>"; };
		9FE860932853C19B00FD0F7D /* MathOpeatorsView.swift */ = {isa = PBXFileReference; lastKnownFileType = sourcecode.swift; path = MathOpeatorsView.swift; sourceTree = "<group>"; };
		9FE860952853C55F00FD0F7D /* View extensions.swift */ = {isa = PBXFileReference; lastKnownFileType = sourcecode.swift; path = "View extensions.swift"; sourceTree = "<group>"; };
		9FE86097285600BC00FD0F7D /* AnswerBlockView.swift */ = {isa = PBXFileReference; lastKnownFileType = sourcecode.swift; path = AnswerBlockView.swift; sourceTree = "<group>"; };
/* End PBXFileReference section */

/* Begin PBXFrameworksBuildPhase section */
		9FE86041285376A800FD0F7D /* Frameworks */ = {
			isa = PBXFrameworksBuildPhase;
			buildActionMask = 2147483647;
			files = (
			);
			runOnlyForDeploymentPostprocessing = 0;
		};
/* End PBXFrameworksBuildPhase section */

/* Begin PBXGroup section */
		9FE8603B285376A800FD0F7D = {
			isa = PBXGroup;
			children = (
				9FE86046285376A800FD0F7D /* Multiplication Table */,
				9FE86045285376A800FD0F7D /* Products */,
			);
			sourceTree = "<group>";
		};
		9FE86045285376A800FD0F7D /* Products */ = {
			isa = PBXGroup;
			children = (
				9FE86044285376A800FD0F7D /* Multiplication Table.app */,
			);
			name = Products;
			sourceTree = "<group>";
		};
		9FE86046285376A800FD0F7D /* Multiplication Table */ = {
			isa = PBXGroup;
			children = (
				9FE86047285376A800FD0F7D /* Multiplication_TableApp.swift */,
				9FE86049285376A800FD0F7D /* ContentView.swift */,
				9FE860912853782800FD0F7D /* Questions.swift */,
				9FE860932853C19B00FD0F7D /* MathOpeatorsView.swift */,
				9FE86097285600BC00FD0F7D /* AnswerBlockView.swift */,
				9FE860952853C55F00FD0F7D /* View extensions.swift */,
				9FE8604B285376AD00FD0F7D /* Assets.xcassets */,
				9FE8604D285376AD00FD0F7D /* Preview Content */,
			);
			path = "Multiplication Table";
			sourceTree = "<group>";
		};
		9FE8604D285376AD00FD0F7D /* Preview Content */ = {
			isa = PBXGroup;
			children = (
				9FE8604E285376AD00FD0F7D /* Preview Assets.xcassets */,
			);
			path = "Preview Content";
			sourceTree = "<group>";
		};
/* End PBXGroup section */

/* Begin PBXNativeTarget section */
		9FE86043285376A800FD0F7D /* Multiplication Table */ = {
			isa = PBXNativeTarget;
			buildConfigurationList = 9FE86052285376AD00FD0F7D /* Build configuration list for PBXNativeTarget "Multiplication Table" */;
			buildPhases = (
				9FE86040285376A800FD0F7D /* Sources */,
				9FE86041285376A800FD0F7D /* Frameworks */,
				9FE86042285376A800FD0F7D /* Resources */,
			);
			buildRules = (
			);
			dependencies = (
			);
			name = "Multiplication Table";
			productName = "Multiplication Table";
			productReference = 9FE86044285376A800FD0F7D /* Multiplication Table.app */;
			productType = "com.apple.product-type.application";
		};
/* End PBXNativeTarget section */

/* Begin PBXProject section */
		9FE8603C285376A800FD0F7D /* Project object */ = {
			isa = PBXProject;
			attributes = {
				BuildIndependentTargetsInParallel = 1;
				LastSwiftUpdateCheck = 1340;
				LastUpgradeCheck = 1340;
				TargetAttributes = {
					9FE86043285376A800FD0F7D = {
						CreatedOnToolsVersion = 13.4.1;
					};
				};
			};
			buildConfigurationList = 9FE8603F285376A800FD0F7D /* Build configuration list for PBXProject "Multiplication Table" */;
			compatibilityVersion = "Xcode 13.0";
			developmentRegion = en;
			hasScannedForEncodings = 0;
			knownRegions = (
				en,
				Base,
			);
			mainGroup = 9FE8603B285376A800FD0F7D;
			productRefGroup = 9FE86045285376A800FD0F7D /* Products */;
			projectDirPath = "";
			projectRoot = "";
			targets = (
				9FE86043285376A800FD0F7D /* Multiplication Table */,
			);
		};
/* End PBXProject section */

/* Begin PBXResourcesBuildPhase section */
		9FE86042285376A800FD0F7D /* Resources */ = {
			isa = PBXResourcesBuildPhase;
			buildActionMask = 2147483647;
			files = (
				9FE8604F285376AD00FD0F7D /* Preview Assets.xcassets in Resources */,
				9FE8604C285376AD00FD0F7D /* Assets.xcassets in Resources */,
			);
			runOnlyForDeploymentPostprocessing = 0;
		};
/* End PBXResourcesBuildPhase section */

/* Begin PBXSourcesBuildPhase section */
		9FE86040285376A800FD0F7D /* Sources */ = {
			isa = PBXSourcesBuildPhase;
			buildActionMask = 2147483647;
			files = (
				9FE860922853782800FD0F7D /* Questions.swift in Sources */,
				9FE8604A285376A800FD0F7D /* ContentView.swift in Sources */,
				9FE86098285600BC00FD0F7D /* AnswerBlockView.swift in Sources */,
				9FE860962853C55F00FD0F7D /* View extensions.swift in Sources */,
				9FE86048285376A800FD0F7D /* Multiplication_TableApp.swift in Sources */,
				9FE860942853C19B00FD0F7D /* MathOpeatorsView.swift in Sources */,
			);
			runOnlyForDeploymentPostprocessing = 0;
		};
/* End PBXSourcesBuildPhase section */

/* Begin XCBuildConfiguration section */
		9FE86050285376AD00FD0F7D /* Debug */ = {
			isa = XCBuildConfiguration;
			buildSettings = {
				ALWAYS_SEARCH_USER_PATHS = NO;
				CLANG_ANALYZER_NONNULL = YES;
				CLANG_ANALYZER_NUMBER_OBJECT_CONVERSION = YES_AGGRESSIVE;
				CLANG_CXX_LANGUAGE_STANDARD = "gnu++17";
				CLANG_ENABLE_MODULES = YES;
				CLANG_ENABLE_OBJC_ARC = YES;
				CLANG_ENABLE_OBJC_WEAK = YES;
				CLANG_WARN_BLOCK_CAPTURE_AUTORELEASING = YES;
				CLANG_WARN_BOOL_CONVERSION = YES;
				CLANG_WARN_COMMA = YES;
				CLANG_WARN_CONSTANT_CONVERSION = YES;
				CLANG_WARN_DEPRECATED_OBJC_IMPLEMENTATIONS = YES;
				CLANG_WARN_DIRECT_OBJC_ISA_USAGE = YES_ERROR;
				CLANG_WARN_DOCUMENTATION_COMMENTS = YES;
				CLANG_WARN_EMPTY_BODY = YES;
				CLANG_WARN_ENUM_CONVERSION = YES;
				CLANG_WARN_INFINITE_RECURSION = YES;
				CLANG_WARN_INT_CONVERSION = YES;
				CLANG_WARN_NON_LITERAL_NULL_CONVERSION = YES;
				CLANG_WARN_OBJC_IMPLICIT_RETAIN_SELF = YES;
				CLANG_WARN_OBJC_LITERAL_CONVERSION = YES;
				CLANG_WARN_OBJC_ROOT_CLASS = YES_ERROR;
				CLANG_WARN_QUOTED_INCLUDE_IN_FRAMEWORK_HEADER = YES;
				CLANG_WARN_RANGE_LOOP_ANALYSIS = YES;
				CLANG_WARN_STRICT_PROTOTYPES = YES;
				CLANG_WARN_SUSPICIOUS_MOVE = YES;
				CLANG_WARN_UNGUARDED_AVAILABILITY = YES_AGGRESSIVE;
				CLANG_WARN_UNREACHABLE_CODE = YES;
				CLANG_WARN__DUPLICATE_METHOD_MATCH = YES;
				COPY_PHASE_STRIP = NO;
				DEBUG_INFORMATION_FORMAT = dwarf;
				ENABLE_STRICT_OBJC_MSGSEND = YES;
				ENABLE_TESTABILITY = YES;
				GCC_C_LANGUAGE_STANDARD = gnu11;
				GCC_DYNAMIC_NO_PIC = NO;
				GCC_NO_COMMON_BLOCKS = YES;
				GCC_OPTIMIZATION_LEVEL = 0;
				GCC_PREPROCESSOR_DEFINITIONS = (
					"DEBUG=1",
					"$(inherited)",
				);
				GCC_WARN_64_TO_32_BIT_CONVERSION = YES;
				GCC_WARN_ABOUT_RETURN_TYPE = YES_ERROR;
				GCC_WARN_UNDECLARED_SELECTOR = YES;
				GCC_WARN_UNINITIALIZED_AUTOS = YES_AGGRESSIVE;
				GCC_WARN_UNUSED_FUNCTION = YES;
				GCC_WARN_UNUSED_VARIABLE = YES;
				IPHONEOS_DEPLOYMENT_TARGET = 15.5;
				MTL_ENABLE_DEBUG_INFO = INCLUDE_SOURCE;
				MTL_FAST_MATH = YES;
				ONLY_ACTIVE_ARCH = YES;
				SDKROOT = iphoneos;
				SWIFT_ACTIVE_COMPILATION_CONDITIONS = DEBUG;
				SWIFT_OPTIMIZATION_LEVEL = "-Onone";
			};
			name = Debug;
		};
		9FE86051285376AD00FD0F7D /* Release */ = {
			isa = XCBuildConfiguration;
			buildSettings = {
				ALWAYS_SEARCH_USER_PATHS = NO;
				CLANG_ANALYZER_NONNULL = YES;
				CLANG_ANALYZER_NUMBER_OBJECT_CONVERSION = YES_AGGRESSIVE;
				CLANG_CXX_LANGUAGE_STANDARD = "gnu++17";
				CLANG_ENABLE_MODULES = YES;
				CLANG_ENABLE_OBJC_ARC = YES;
				CLANG_ENABLE_OBJC_WEAK = YES;
				CLANG_WARN_BLOCK_CAPTURE_AUTORELEASING = YES;
				CLANG_WARN_BOOL_CONVERSION = YES;
				CLANG_WARN_COMMA = YES;
				CLANG_WARN_CONSTANT_CONVERSION = YES;
				CLANG_WARN_DEPRECATED_OBJC_IMPLEMENTATIONS = YES;
				CLANG_WARN_DIRECT_OBJC_ISA_USAGE = YES_ERROR;
				CLANG_WARN_DOCUMENTATION_COMMENTS = YES;
				CLANG_WARN_EMPTY_BODY = YES;
				CLANG_WARN_ENUM_CONVERSION = YES;
				CLANG_WARN_INFINITE_RECURSION = YES;
				CLANG_WARN_INT_CONVERSION = YES;
				CLANG_WARN_NON_LITERAL_NULL_CONVERSION = YES;
				CLANG_WARN_OBJC_IMPLICIT_RETAIN_SELF = YES;
				CLANG_WARN_OBJC_LITERAL_CONVERSION = YES;
				CLANG_WARN_OBJC_ROOT_CLASS = YES_ERROR;
				CLANG_WARN_QUOTED_INCLUDE_IN_FRAMEWORK_HEADER = YES;
				CLANG_WARN_RANGE_LOOP_ANALYSIS = YES;
				CLANG_WARN_STRICT_PROTOTYPES = YES;
				CLANG_WARN_SUSPICIOUS_MOVE = YES;
				CLANG_WARN_UNGUARDED_AVAILABILITY = YES_AGGRESSIVE;
				CLANG_WARN_UNREACHABLE_CODE = YES;
				CLANG_WARN__DUPLICATE_METHOD_MATCH = YES;
				COPY_PHASE_STRIP = NO;
				DEBUG_INFORMATION_FORMAT = "dwarf-with-dsym";
				ENABLE_NS_ASSERTIONS = NO;
				ENABLE_STRICT_OBJC_MSGSEND = YES;
				GCC_C_LANGUAGE_STANDARD = gnu11;
				GCC_NO_COMMON_BLOCKS = YES;
				GCC_WARN_64_TO_32_BIT_CONVERSION = YES;
				GCC_WARN_ABOUT_RETURN_TYPE = YES_ERROR;
				GCC_WARN_UNDECLARED_SELECTOR = YES;
				GCC_WARN_UNINITIALIZED_AUTOS = YES_AGGRESSIVE;
				GCC_WARN_UNUSED_FUNCTION = YES;
				GCC_WARN_UNUSED_VARIABLE = YES;
				IPHONEOS_DEPLOYMENT_TARGET = 15.5;
				MTL_ENABLE_DEBUG_INFO = NO;
				MTL_FAST_MATH = YES;
				SDKROOT = iphoneos;
				SWIFT_COMPILATION_MODE = wholemodule;
				SWIFT_OPTIMIZATION_LEVEL = "-O";
				VALIDATE_PRODUCT = YES;
			};
			name = Release;
		};
		9FE86053285376AD00FD0F7D /* Debug */ = {
			isa = XCBuildConfiguration;
			buildSettings = {
				ASSETCATALOG_COMPILER_APPICON_NAME = AppIcon;
				ASSETCATALOG_COMPILER_GLOBAL_ACCENT_COLOR_NAME = AccentColor;
				CODE_SIGN_STYLE = Automatic;
				CURRENT_PROJECT_VERSION = 1;
				DEVELOPMENT_ASSET_PATHS = "\"Multiplication Table/Preview Content\"";
				DEVELOPMENT_TEAM = Z8X43A4TG9;
				ENABLE_PREVIEWS = YES;
				GENERATE_INFOPLIST_FILE = YES;
				INFOPLIST_KEY_UIApplicationSceneManifest_Generation = YES;
				INFOPLIST_KEY_UIApplicationSupportsIndirectInputEvents = YES;
				INFOPLIST_KEY_UILaunchScreen_Generation = YES;
				INFOPLIST_KEY_UISupportedInterfaceOrientations_iPad = "UIInterfaceOrientationPortrait UIInterfaceOrientationPortraitUpsideDown UIInterfaceOrientationLandscapeLeft UIInterfaceOrientationLandscapeRight";
				INFOPLIST_KEY_UISupportedInterfaceOrientations_iPhone = "UIInterfaceOrientationPortrait UIInterfaceOrientationLandscapeLeft UIInterfaceOrientationLandscapeRight";
				LD_RUNPATH_SEARCH_PATHS = (
					"$(inherited)",
					"@executable_path/Frameworks",
				);
				MARKETING_VERSION = 1.0;
				PRODUCT_BUNDLE_IDENTIFIER = "its.Multiplication-Table";
				PRODUCT_NAME = "$(TARGET_NAME)";
				SWIFT_EMIT_LOC_STRINGS = YES;
				SWIFT_VERSION = 5.0;
				TARGETED_DEVICE_FAMILY = "1,2";
			};
			name = Debug;
		};
		9FE86054285376AD00FD0F7D /* Release */ = {
			isa = XCBuildConfiguration;
			buildSettings = {
				ASSETCATALOG_COMPILER_APPICON_NAME = AppIcon;
				ASSETCATALOG_COMPILER_GLOBAL_ACCENT_COLOR_NAME = AccentColor;
				CODE_SIGN_STYLE = Automatic;
				CURRENT_PROJECT_VERSION = 1;
				DEVELOPMENT_ASSET_PATHS = "\"Multiplication Table/Preview Content\"";
				DEVELOPMENT_TEAM = Z8X43A4TG9;
				ENABLE_PREVIEWS = YES;
				GENERATE_INFOPLIST_FILE = YES;
				INFOPLIST_KEY_UIApplicationSceneManifest_Generation = YES;
				INFOPLIST_KEY_UIApplicationSupportsIndirectInputEvents = YES;
				INFOPLIST_KEY_UILaunchScreen_Generation = YES;
				INFOPLIST_KEY_UISupportedInterfaceOrientations_iPad = "UIInterfaceOrientationPortrait UIInterfaceOrientationPortraitUpsideDown UIInterfaceOrientationLandscapeLeft UIInterfaceOrientationLandscapeRight";
				INFOPLIST_KEY_UISupportedInterfaceOrientations_iPhone = "UIInterfaceOrientationPortrait UIInterfaceOrientationLandscapeLeft UIInterfaceOrientationLandscapeRight";
				LD_RUNPATH_SEARCH_PATHS = (
					"$(inherited)",
					"@executable_path/Frameworks",
				);
				MARKETING_VERSION = 1.0;
				PRODUCT_BUNDLE_IDENTIFIER = "its.Multiplication-Table";
				PRODUCT_NAME = "$(TARGET_NAME)";
				SWIFT_EMIT_LOC_STRINGS = YES;
				SWIFT_VERSION = 5.0;
				TARGETED_DEVICE_FAMILY = "1,2";
			};
			name = Release;
		};
/* End XCBuildConfiguration section */

/* Begin XCConfigurationList section */
		9FE8603F285376A800FD0F7D /* Build configuration list for PBXProject "Multiplication Table" */ = {
			isa = XCConfigurationList;
			buildConfigurations = (
				9FE86050285376AD00FD0F7D /* Debug */,
				9FE86051285376AD00FD0F7D /* Release */,
			);
			defaultConfigurationIsVisible = 0;
			defaultConfigurationName = Release;
		};
		9FE86052285376AD00FD0F7D /* Build configuration list for PBXNativeTarget "Multiplication Table" */ = {
			isa = XCConfigurationList;
			buildConfigurations = (
				9FE86053285376AD00FD0F7D /* Debug */,
				9FE86054285376AD00FD0F7D /* Release */,
			);
			defaultConfigurationIsVisible = 0;
			defaultConfigurationName = Release;
		};
/* End XCConfigurationList section */
	};
	rootObject = 9FE8603C285376A800FD0F7D /* Project object */;
}
