// !$*UTF8*$!
{
	archiveVersion = 1;
	classes = {
	};
	objectVersion = 55;
	objects = {

/* Begin PBXBuildFile section */
		9FD537CF285F3220006E2D5B /* Habit_trackerApp.swift in Sources */ = {isa = PBXBuildFile; fileRef = 9FD537CE285F3220006E2D5B /* Habit_trackerApp.swift */; };
		9FD537D1285F3220006E2D5B /* ContentView.swift in Sources */ = {isa = PBXBuildFile; fileRef = 9FD537D0285F3220006E2D5B /* ContentView.swift */; };
		9FD537D3285F3221006E2D5B /* Assets.xcassets in Resources */ = {isa = PBXBuildFile; fileRef = 9FD537D2285F3221006E2D5B /* Assets.xcassets */; };
		9FD537D6285F3221006E2D5B /* Preview Assets.xcassets in Resources */ = {isa = PBXBuildFile; fileRef = 9FD537D5285F3221006E2D5B /* Preview Assets.xcassets */; };
		9FD537DF285F3402006E2D5B /* Activity.swift in Sources */ = {isa = PBXBuildFile; fileRef = 9FD537DE285F3402006E2D5B /* Activity.swift */; };
		9FD537E1285F3469006E2D5B /* Tracker.swift in Sources */ = {isa = PBXBuildFile; fileRef = 9FD537E0285F3469006E2D5B /* Tracker.swift */; };
		9FD537E3285F3745006E2D5B /* ActivitiesListView.swift in Sources */ = {isa = PBXBuildFile; fileRef = 9FD537E2285F3745006E2D5B /* ActivitiesListView.swift */; };
		9FD537E5285F3760006E2D5B /* DetailedActivityView.swift in Sources */ = {isa = PBXBuildFile; fileRef = 9FD537E4285F3760006E2D5B /* DetailedActivityView.swift */; };
		9FD537E7285F3772006E2D5B /* AddActivityView.swift in Sources */ = {isa = PBXBuildFile; fileRef = 9FD537E6285F3772006E2D5B /* AddActivityView.swift */; };
/* End PBXBuildFile section */

/* Begin PBXFileReference section */
		9FD537CB285F3220006E2D5B /* Habit tracker.app */ = {isa = PBXFileReference; explicitFileType = wrapper.application; includeInIndex = 0; path = "Habit tracker.app"; sourceTree = BUILT_PRODUCTS_DIR; };
		9FD537CE285F3220006E2D5B /* Habit_trackerApp.swift */ = {isa = PBXFileReference; lastKnownFileType = sourcecode.swift; path = Habit_trackerApp.swift; sourceTree = "<group>"; };
		9FD537D0285F3220006E2D5B /* ContentView.swift */ = {isa = PBXFileReference; lastKnownFileType = sourcecode.swift; path = ContentView.swift; sourceTree = "<group>"; };
		9FD537D2285F3221006E2D5B /* Assets.xcassets */ = {isa = PBXFileReference; lastKnownFileType = folder.assetcatalog; path = Assets.xcassets; sourceTree = "<group>"; };
		9FD537D5285F3221006E2D5B /* Preview Assets.xcassets */ = {isa = PBXFileReference; lastKnownFileType = folder.assetcatalog; path = "Preview Assets.xcassets"; sourceTree = "<group>"; };
		9FD537DE285F3402006E2D5B /* Activity.swift */ = {isa = PBXFileReference; lastKnownFileType = sourcecode.swift; path = Activity.swift; sourceTree = "<group>"; };
		9FD537E0285F3469006E2D5B /* Tracker.swift */ = {isa = PBXFileReference; lastKnownFileType = sourcecode.swift; path = Tracker.swift; sourceTree = "<group>"; };
		9FD537E2285F3745006E2D5B /* ActivitiesListView.swift */ = {isa = PBXFileReference; lastKnownFileType = sourcecode.swift; path = ActivitiesListView.swift; sourceTree = "<group>"; };
		9FD537E4285F3760006E2D5B /* DetailedActivityView.swift */ = {isa = PBXFileReference; lastKnownFileType = sourcecode.swift; path = DetailedActivityView.swift; sourceTree = "<group>"; };
		9FD537E6285F3772006E2D5B /* AddActivityView.swift */ = {isa = PBXFileReference; lastKnownFileType = sourcecode.swift; path = AddActivityView.swift; sourceTree = "<group>"; };
/* End PBXFileReference section */

/* Begin PBXFrameworksBuildPhase section */
		9FD537C8285F3220006E2D5B /* Frameworks */ = {
			isa = PBXFrameworksBuildPhase;
			buildActionMask = 2147483647;
			files = (
			);
			runOnlyForDeploymentPostprocessing = 0;
		};
/* End PBXFrameworksBuildPhase section */

/* Begin PBXGroup section */
		9FD537C2285F3220006E2D5B = {
			isa = PBXGroup;
			children = (
				9FD537CD285F3220006E2D5B /* Habit tracker */,
				9FD537CC285F3220006E2D5B /* Products */,
			);
			sourceTree = "<group>";
		};
		9FD537CC285F3220006E2D5B /* Products */ = {
			isa = PBXGroup;
			children = (
				9FD537CB285F3220006E2D5B /* Habit tracker.app */,
			);
			name = Products;
			sourceTree = "<group>";
		};
		9FD537CD285F3220006E2D5B /* Habit tracker */ = {
			isa = PBXGroup;
			children = (
				9FD537D0285F3220006E2D5B /* ContentView.swift */,
				9FD537DD285F33B5006E2D5B /* Views */,
				9FD537DC285F33AD006E2D5B /* Data */,
				9FD537D2285F3221006E2D5B /* Assets.xcassets */,
				9FD537CE285F3220006E2D5B /* Habit_trackerApp.swift */,
				9FD537D4285F3221006E2D5B /* Preview Content */,
			);
			path = "Habit tracker";
			sourceTree = "<group>";
		};
		9FD537D4285F3221006E2D5B /* Preview Content */ = {
			isa = PBXGroup;
			children = (
				9FD537D5285F3221006E2D5B /* Preview Assets.xcassets */,
			);
			path = "Preview Content";
			sourceTree = "<group>";
		};
		9FD537DC285F33AD006E2D5B /* Data */ = {
			isa = PBXGroup;
			children = (
				9FD537DE285F3402006E2D5B /* Activity.swift */,
				9FD537E0285F3469006E2D5B /* Tracker.swift */,
			);
			path = Data;
			sourceTree = "<group>";
		};
		9FD537DD285F33B5006E2D5B /* Views */ = {
			isa = PBXGroup;
			children = (
				9FD537E2285F3745006E2D5B /* ActivitiesListView.swift */,
				9FD537E4285F3760006E2D5B /* DetailedActivityView.swift */,
				9FD537E6285F3772006E2D5B /* AddActivityView.swift */,
			);
			path = Views;
			sourceTree = "<group>";
		};
/* End PBXGroup section */

/* Begin PBXNativeTarget section */
		9FD537CA285F3220006E2D5B /* Habit tracker */ = {
			isa = PBXNativeTarget;
			buildConfigurationList = 9FD537D9285F3221006E2D5B /* Build configuration list for PBXNativeTarget "Habit tracker" */;
			buildPhases = (
				9FD537C7285F3220006E2D5B /* Sources */,
				9FD537C8285F3220006E2D5B /* Frameworks */,
				9FD537C9285F3220006E2D5B /* Resources */,
			);
			buildRules = (
			);
			dependencies = (
			);
			name = "Habit tracker";
			productName = "Habit tracker";
			productReference = 9FD537CB285F3220006E2D5B /* Habit tracker.app */;
			productType = "com.apple.product-type.application";
		};
/* End PBXNativeTarget section */

/* Begin PBXProject section */
		9FD537C3285F3220006E2D5B /* Project object */ = {
			isa = PBXProject;
			attributes = {
				BuildIndependentTargetsInParallel = 1;
				LastSwiftUpdateCheck = 1340;
				LastUpgradeCheck = 1340;
				TargetAttributes = {
					9FD537CA285F3220006E2D5B = {
						CreatedOnToolsVersion = 13.4.1;
					};
				};
			};
			buildConfigurationList = 9FD537C6285F3220006E2D5B /* Build configuration list for PBXProject "Habit tracker" */;
			compatibilityVersion = "Xcode 13.0";
			developmentRegion = en;
			hasScannedForEncodings = 0;
			knownRegions = (
				en,
				Base,
			);
			mainGroup = 9FD537C2285F3220006E2D5B;
			productRefGroup = 9FD537CC285F3220006E2D5B /* Products */;
			projectDirPath = "";
			projectRoot = "";
			targets = (
				9FD537CA285F3220006E2D5B /* Habit tracker */,
			);
		};
/* End PBXProject section */

/* Begin PBXResourcesBuildPhase section */
		9FD537C9285F3220006E2D5B /* Resources */ = {
			isa = PBXResourcesBuildPhase;
			buildActionMask = 2147483647;
			files = (
				9FD537D6285F3221006E2D5B /* Preview Assets.xcassets in Resources */,
				9FD537D3285F3221006E2D5B /* Assets.xcassets in Resources */,
			);
			runOnlyForDeploymentPostprocessing = 0;
		};
/* End PBXResourcesBuildPhase section */

/* Begin PBXSourcesBuildPhase section */
		9FD537C7285F3220006E2D5B /* Sources */ = {
			isa = PBXSourcesBuildPhase;
			buildActionMask = 2147483647;
			files = (
				9FD537E1285F3469006E2D5B /* Tracker.swift in Sources */,
				9FD537E7285F3772006E2D5B /* AddActivityView.swift in Sources */,
				9FD537E5285F3760006E2D5B /* DetailedActivityView.swift in Sources */,
				9FD537E3285F3745006E2D5B /* ActivitiesListView.swift in Sources */,
				9FD537DF285F3402006E2D5B /* Activity.swift in Sources */,
				9FD537D1285F3220006E2D5B /* ContentView.swift in Sources */,
				9FD537CF285F3220006E2D5B /* Habit_trackerApp.swift in Sources */,
			);
			runOnlyForDeploymentPostprocessing = 0;
		};
/* End PBXSourcesBuildPhase section */

/* Begin XCBuildConfiguration section */
		9FD537D7285F3221006E2D5B /* Debug */ = {
			isa = XCBuildConfiguration;
			buildSettings = {
				ALWAYS_SEARCH_USER_PATHS = NO;
				CLANG_ANALYZER_NONNULL = YES;
				CLANG_ANALYZER_NUMBER_OBJECT_CONVERSION = YES_AGGRESSIVE;
				CLANG_CXX_LANGUAGE_STANDARD = "gnu++17";
				CLANG_ENABLE_MODULES = YES;
				CLANG_ENABLE_OBJC_ARC = YES;
				CLANG_ENABLE_OBJC_WEAK = YES;
				CLANG_WARN_BLOCK_CAPTURE_AUTORELEASING = YES;
				CLANG_WARN_BOOL_CONVERSION = YES;
				CLANG_WARN_COMMA = YES;
				CLANG_WARN_CONSTANT_CONVERSION = YES;
				CLANG_WARN_DEPRECATED_OBJC_IMPLEMENTATIONS = YES;
				CLANG_WARN_DIRECT_OBJC_ISA_USAGE = YES_ERROR;
				CLANG_WARN_DOCUMENTATION_COMMENTS = YES;
				CLANG_WARN_EMPTY_BODY = YES;
				CLANG_WARN_ENUM_CONVERSION = YES;
				CLANG_WARN_INFINITE_RECURSION = YES;
				CLANG_WARN_INT_CONVERSION = YES;
				CLANG_WARN_NON_LITERAL_NULL_CONVERSION = YES;
				CLANG_WARN_OBJC_IMPLICIT_RETAIN_SELF = YES;
				CLANG_WARN_OBJC_LITERAL_CONVERSION = YES;
				CLANG_WARN_OBJC_ROOT_CLASS = YES_ERROR;
				CLANG_WARN_QUOTED_INCLUDE_IN_FRAMEWORK_HEADER = YES;
				CLANG_WARN_RANGE_LOOP_ANALYSIS = YES;
				CLANG_WARN_STRICT_PROTOTYPES = YES;
				CLANG_WARN_SUSPICIOUS_MOVE = YES;
				CLANG_WARN_UNGUARDED_AVAILABILITY = YES_AGGRESSIVE;
				CLANG_WARN_UNREACHABLE_CODE = YES;
				CLANG_WARN__DUPLICATE_METHOD_MATCH = YES;
				COPY_PHASE_STRIP = NO;
				DEBUG_INFORMATION_FORMAT = dwarf;
				ENABLE_STRICT_OBJC_MSGSEND = YES;
				ENABLE_TESTABILITY = YES;
				GCC_C_LANGUAGE_STANDARD = gnu11;
				GCC_DYNAMIC_NO_PIC = NO;
				GCC_NO_COMMON_BLOCKS = YES;
				GCC_OPTIMIZATION_LEVEL = 0;
				GCC_PREPROCESSOR_DEFINITIONS = (
					"DEBUG=1",
					"$(inherited)",
				);
				GCC_WARN_64_TO_32_BIT_CONVERSION = YES;
				GCC_WARN_ABOUT_RETURN_TYPE = YES_ERROR;
				GCC_WARN_UNDECLARED_SELECTOR = YES;
				GCC_WARN_UNINITIALIZED_AUTOS = YES_AGGRESSIVE;
				GCC_WARN_UNUSED_FUNCTION = YES;
				GCC_WARN_UNUSED_VARIABLE = YES;
				IPHONEOS_DEPLOYMENT_TARGET = 15.5;
				MTL_ENABLE_DEBUG_INFO = INCLUDE_SOURCE;
				MTL_FAST_MATH = YES;
				ONLY_ACTIVE_ARCH = YES;
				SDKROOT = iphoneos;
				SWIFT_ACTIVE_COMPILATION_CONDITIONS = DEBUG;
				SWIFT_OPTIMIZATION_LEVEL = "-Onone";
			};
			name = Debug;
		};
		9FD537D8285F3221006E2D5B /* Release */ = {
			isa = XCBuildConfiguration;
			buildSettings = {
				ALWAYS_SEARCH_USER_PATHS = NO;
				CLANG_ANALYZER_NONNULL = YES;
				CLANG_ANALYZER_NUMBER_OBJECT_CONVERSION = YES_AGGRESSIVE;
				CLANG_CXX_LANGUAGE_STANDARD = "gnu++17";
				CLANG_ENABLE_MODULES = YES;
				CLANG_ENABLE_OBJC_ARC = YES;
				CLANG_ENABLE_OBJC_WEAK = YES;
				CLANG_WARN_BLOCK_CAPTURE_AUTORELEASING = YES;
				CLANG_WARN_BOOL_CONVERSION = YES;
				CLANG_WARN_COMMA = YES;
				CLANG_WARN_CONSTANT_CONVERSION = YES;
				CLANG_WARN_DEPRECATED_OBJC_IMPLEMENTATIONS = YES;
				CLANG_WARN_DIRECT_OBJC_ISA_USAGE = YES_ERROR;
				CLANG_WARN_DOCUMENTATION_COMMENTS = YES;
				CLANG_WARN_EMPTY_BODY = YES;
				CLANG_WARN_ENUM_CONVERSION = YES;
				CLANG_WARN_INFINITE_RECURSION = YES;
				CLANG_WARN_INT_CONVERSION = YES;
				CLANG_WARN_NON_LITERAL_NULL_CONVERSION = YES;
				CLANG_WARN_OBJC_IMPLICIT_RETAIN_SELF = YES;
				CLANG_WARN_OBJC_LITERAL_CONVERSION = YES;
				CLANG_WARN_OBJC_ROOT_CLASS = YES_ERROR;
				CLANG_WARN_QUOTED_INCLUDE_IN_FRAMEWORK_HEADER = YES;
				CLANG_WARN_RANGE_LOOP_ANALYSIS = YES;
				CLANG_WARN_STRICT_PROTOTYPES = YES;
				CLANG_WARN_SUSPICIOUS_MOVE = YES;
				CLANG_WARN_UNGUARDED_AVAILABILITY = YES_AGGRESSIVE;
				CLANG_WARN_UNREACHABLE_CODE = YES;
				CLANG_WARN__DUPLICATE_METHOD_MATCH = YES;
				COPY_PHASE_STRIP = NO;
				DEBUG_INFORMATION_FORMAT = "dwarf-with-dsym";
				ENABLE_NS_ASSERTIONS = NO;
				ENABLE_STRICT_OBJC_MSGSEND = YES;
				GCC_C_LANGUAGE_STANDARD = gnu11;
				GCC_NO_COMMON_BLOCKS = YES;
				GCC_WARN_64_TO_32_BIT_CONVERSION = YES;
				GCC_WARN_ABOUT_RETURN_TYPE = YES_ERROR;
				GCC_WARN_UNDECLARED_SELECTOR = YES;
				GCC_WARN_UNINITIALIZED_AUTOS = YES_AGGRESSIVE;
				GCC_WARN_UNUSED_FUNCTION = YES;
				GCC_WARN_UNUSED_VARIABLE = YES;
				IPHONEOS_DEPLOYMENT_TARGET = 15.5;
				MTL_ENABLE_DEBUG_INFO = NO;
				MTL_FAST_MATH = YES;
				SDKROOT = iphoneos;
				SWIFT_COMPILATION_MODE = wholemodule;
				SWIFT_OPTIMIZATION_LEVEL = "-O";
				VALIDATE_PRODUCT = YES;
			};
			name = Release;
		};
		9FD537DA285F3221006E2D5B /* Debug */ = {
			isa = XCBuildConfiguration;
			buildSettings = {
				ASSETCATALOG_COMPILER_APPICON_NAME = AppIcon;
				ASSETCATALOG_COMPILER_GLOBAL_ACCENT_COLOR_NAME = AccentColor;
				CODE_SIGN_STYLE = Automatic;
				CURRENT_PROJECT_VERSION = 1;
				DEVELOPMENT_ASSET_PATHS = "\"Habit tracker/Preview Content\"";
				DEVELOPMENT_TEAM = Z8X43A4TG9;
				ENABLE_PREVIEWS = YES;
				GENERATE_INFOPLIST_FILE = YES;
				INFOPLIST_KEY_UIApplicationSceneManifest_Generation = YES;
				INFOPLIST_KEY_UIApplicationSupportsIndirectInputEvents = YES;
				INFOPLIST_KEY_UILaunchScreen_Generation = YES;
				INFOPLIST_KEY_UISupportedInterfaceOrientations_iPad = "UIInterfaceOrientationPortrait UIInterfaceOrientationPortraitUpsideDown UIInterfaceOrientationLandscapeLeft UIInterfaceOrientationLandscapeRight";
				INFOPLIST_KEY_UISupportedInterfaceOrientations_iPhone = "UIInterfaceOrientationPortrait UIInterfaceOrientationLandscapeLeft UIInterfaceOrientationLandscapeRight";
				LD_RUNPATH_SEARCH_PATHS = (
					"$(inherited)",
					"@executable_path/Frameworks",
				);
				MARKETING_VERSION = 1.0;
				PRODUCT_BUNDLE_IDENTIFIER = "its.Habit-tracker";
				PRODUCT_NAME = "$(TARGET_NAME)";
				SWIFT_EMIT_LOC_STRINGS = YES;
				SWIFT_VERSION = 5.0;
				TARGETED_DEVICE_FAMILY = "1,2";
			};
			name = Debug;
		};
		9FD537DB285F3221006E2D5B /* Release */ = {
			isa = XCBuildConfiguration;
			buildSettings = {
				ASSETCATALOG_COMPILER_APPICON_NAME = AppIcon;
				ASSETCATALOG_COMPILER_GLOBAL_ACCENT_COLOR_NAME = AccentColor;
				CODE_SIGN_STYLE = Automatic;
				CURRENT_PROJECT_VERSION = 1;
				DEVELOPMENT_ASSET_PATHS = "\"Habit tracker/Preview Content\"";
				DEVELOPMENT_TEAM = Z8X43A4TG9;
				ENABLE_PREVIEWS = YES;
				GENERATE_INFOPLIST_FILE = YES;
				INFOPLIST_KEY_UIApplicationSceneManifest_Generation = YES;
				INFOPLIST_KEY_UIApplicationSupportsIndirectInputEvents = YES;
				INFOPLIST_KEY_UILaunchScreen_Generation = YES;
				INFOPLIST_KEY_UISupportedInterfaceOrientations_iPad = "UIInterfaceOrientationPortrait UIInterfaceOrientationPortraitUpsideDown UIInterfaceOrientationLandscapeLeft UIInterfaceOrientationLandscapeRight";
				INFOPLIST_KEY_UISupportedInterfaceOrientations_iPhone = "UIInterfaceOrientationPortrait UIInterfaceOrientationLandscapeLeft UIInterfaceOrientationLandscapeRight";
				LD_RUNPATH_SEARCH_PATHS = (
					"$(inherited)",
					"@executable_path/Frameworks",
				);
				MARKETING_VERSION = 1.0;
				PRODUCT_BUNDLE_IDENTIFIER = "its.Habit-tracker";
				PRODUCT_NAME = "$(TARGET_NAME)";
				SWIFT_EMIT_LOC_STRINGS = YES;
				SWIFT_VERSION = 5.0;
				TARGETED_DEVICE_FAMILY = "1,2";
			};
			name = Release;
		};
/* End XCBuildConfiguration section */

/* Begin XCConfigurationList section */
		9FD537C6285F3220006E2D5B /* Build configuration list for PBXProject "Habit tracker" */ = {
			isa = XCConfigurationList;
			buildConfigurations = (
				9FD537D7285F3221006E2D5B /* Debug */,
				9FD537D8285F3221006E2D5B /* Release */,
			);
			defaultConfigurationIsVisible = 0;
			defaultConfigurationName = Release;
		};
		9FD537D9285F3221006E2D5B /* Build configuration list for PBXNativeTarget "Habit tracker" */ = {
			isa = XCConfigurationList;
			buildConfigurations = (
				9FD537DA285F3221006E2D5B /* Debug */,
				9FD537DB285F3221006E2D5B /* Release */,
			);
			defaultConfigurationIsVisible = 0;
			defaultConfigurationName = Release;
		};
/* End XCConfigurationList section */
	};
	rootObject = 9FD537C3285F3220006E2D5B /* Project object */;
}
