// !$*UTF8*$!
{
	archiveVersion = 1;
	classes = {
	};
	objectVersion = 56;
	objects = {

/* Begin PBXBuildFile section */
		9F1EB6E528E4CF540096E871 /* High_RollerApp.swift in Sources */ = {isa = PBXBuildFile; fileRef = 9F1EB6E428E4CF540096E871 /* High_RollerApp.swift */; };
		9F1EB6E728E4CF540096E871 /* MainView.swift in Sources */ = {isa = PBXBuildFile; fileRef = 9F1EB6E628E4CF540096E871 /* MainView.swift */; };
		9F1EB6E928E4CF550096E871 /* Assets.xcassets in Resources */ = {isa = PBXBuildFile; fileRef = 9F1EB6E828E4CF550096E871 /* Assets.xcassets */; };
		9F1EB6EC28E4CF550096E871 /* Preview Assets.xcassets in Resources */ = {isa = PBXBuildFile; fileRef = 9F1EB6EB28E4CF550096E871 /* Preview Assets.xcassets */; };
		9F1EB6F328E5EB520096E871 /* DiceView.swift in Sources */ = {isa = PBXBuildFile; fileRef = 9F1EB6F228E5EB520096E871 /* DiceView.swift */; };
		9F1EB6F528E5ED970096E871 /* DiceModel.swift in Sources */ = {isa = PBXBuildFile; fileRef = 9F1EB6F428E5ED970096E871 /* DiceModel.swift */; };
		9F1EB6F728E61BE70096E871 /* HighRollerVM.swift in Sources */ = {isa = PBXBuildFile; fileRef = 9F1EB6F628E61BE70096E871 /* HighRollerVM.swift */; };
		9F1EB6F928E63E340096E871 /* FileManager-DocumentsDirectory.swift in Sources */ = {isa = PBXBuildFile; fileRef = 9F1EB6F828E63E340096E871 /* FileManager-DocumentsDirectory.swift */; };
		9F1EB6FB28E63E7C0096E871 /* HighScoreModel.swift in Sources */ = {isa = PBXBuildFile; fileRef = 9F1EB6FA28E63E7C0096E871 /* HighScoreModel.swift */; };
		9F1EB6FD28E640110096E871 /* HighScoresVM.swift in Sources */ = {isa = PBXBuildFile; fileRef = 9F1EB6FC28E640110096E871 /* HighScoresVM.swift */; };
		9F1EB6FF28E6458E0096E871 /* HighScoresView.swift in Sources */ = {isa = PBXBuildFile; fileRef = 9F1EB6FE28E6458E0096E871 /* HighScoresView.swift */; };
		9F1EB70128E645F80096E871 /* SingleScoreView.swift in Sources */ = {isa = PBXBuildFile; fileRef = 9F1EB70028E645F80096E871 /* SingleScoreView.swift */; };
/* End PBXBuildFile section */

/* Begin PBXFileReference section */
		9F1EB6E128E4CF540096E871 /* High Roller.app */ = {isa = PBXFileReference; explicitFileType = wrapper.application; includeInIndex = 0; path = "High Roller.app"; sourceTree = BUILT_PRODUCTS_DIR; };
		9F1EB6E428E4CF540096E871 /* High_RollerApp.swift */ = {isa = PBXFileReference; lastKnownFileType = sourcecode.swift; path = High_RollerApp.swift; sourceTree = "<group>"; };
		9F1EB6E628E4CF540096E871 /* MainView.swift */ = {isa = PBXFileReference; lastKnownFileType = sourcecode.swift; path = MainView.swift; sourceTree = "<group>"; };
		9F1EB6E828E4CF550096E871 /* Assets.xcassets */ = {isa = PBXFileReference; lastKnownFileType = folder.assetcatalog; path = Assets.xcassets; sourceTree = "<group>"; };
		9F1EB6EB28E4CF550096E871 /* Preview Assets.xcassets */ = {isa = PBXFileReference; lastKnownFileType = folder.assetcatalog; path = "Preview Assets.xcassets"; sourceTree = "<group>"; };
		9F1EB6F228E5EB520096E871 /* DiceView.swift */ = {isa = PBXFileReference; lastKnownFileType = sourcecode.swift; path = DiceView.swift; sourceTree = "<group>"; };
		9F1EB6F428E5ED970096E871 /* DiceModel.swift */ = {isa = PBXFileReference; lastKnownFileType = sourcecode.swift; path = DiceModel.swift; sourceTree = "<group>"; };
		9F1EB6F628E61BE70096E871 /* HighRollerVM.swift */ = {isa = PBXFileReference; lastKnownFileType = sourcecode.swift; path = HighRollerVM.swift; sourceTree = "<group>"; };
		9F1EB6F828E63E340096E871 /* FileManager-DocumentsDirectory.swift */ = {isa = PBXFileReference; fileEncoding = 4; lastKnownFileType = sourcecode.swift; name = "FileManager-DocumentsDirectory.swift"; path = "../../BucketList/BucketList/FileManager-DocumentsDirectory.swift"; sourceTree = "<group>"; };
		9F1EB6FA28E63E7C0096E871 /* HighScoreModel.swift */ = {isa = PBXFileReference; lastKnownFileType = sourcecode.swift; path = HighScoreModel.swift; sourceTree = "<group>"; };
		9F1EB6FC28E640110096E871 /* HighScoresVM.swift */ = {isa = PBXFileReference; lastKnownFileType = sourcecode.swift; path = HighScoresVM.swift; sourceTree = "<group>"; };
		9F1EB6FE28E6458E0096E871 /* HighScoresView.swift */ = {isa = PBXFileReference; lastKnownFileType = sourcecode.swift; path = HighScoresView.swift; sourceTree = "<group>"; };
		9F1EB70028E645F80096E871 /* SingleScoreView.swift */ = {isa = PBXFileReference; lastKnownFileType = sourcecode.swift; path = SingleScoreView.swift; sourceTree = "<group>"; };
/* End PBXFileReference section */

/* Begin PBXFrameworksBuildPhase section */
		9F1EB6DE28E4CF540096E871 /* Frameworks */ = {
			isa = PBXFrameworksBuildPhase;
			buildActionMask = 2147483647;
			files = (
			);
			runOnlyForDeploymentPostprocessing = 0;
		};
/* End PBXFrameworksBuildPhase section */

/* Begin PBXGroup section */
		9F1EB6D828E4CF540096E871 = {
			isa = PBXGroup;
			children = (
				9F1EB6E328E4CF540096E871 /* High Roller */,
				9F1EB6E228E4CF540096E871 /* Products */,
			);
			sourceTree = "<group>";
		};
		9F1EB6E228E4CF540096E871 /* Products */ = {
			isa = PBXGroup;
			children = (
				9F1EB6E128E4CF540096E871 /* High Roller.app */,
			);
			name = Products;
			sourceTree = "<group>";
		};
		9F1EB6E328E4CF540096E871 /* High Roller */ = {
			isa = PBXGroup;
			children = (
				9F1EB6E428E4CF540096E871 /* High_RollerApp.swift */,
				9F1EB6F828E63E340096E871 /* FileManager-DocumentsDirectory.swift */,
				9F1EB70428E8E7E20096E871 /* Models */,
				9F1EB70228E8E7B70096E871 /* VM */,
				9F1EB70328E8E7CC0096E871 /* Views */,
				9F1EB6E828E4CF550096E871 /* Assets.xcassets */,
				9F1EB6EA28E4CF550096E871 /* Preview Content */,
			);
			path = "High Roller";
			sourceTree = "<group>";
		};
		9F1EB6EA28E4CF550096E871 /* Preview Content */ = {
			isa = PBXGroup;
			children = (
				9F1EB6EB28E4CF550096E871 /* Preview Assets.xcassets */,
			);
			path = "Preview Content";
			sourceTree = "<group>";
		};
		9F1EB70228E8E7B70096E871 /* VM */ = {
			isa = PBXGroup;
			children = (
				9F1EB6F628E61BE70096E871 /* HighRollerVM.swift */,
				9F1EB6FC28E640110096E871 /* HighScoresVM.swift */,
			);
			path = VM;
			sourceTree = "<group>";
		};
		9F1EB70328E8E7CC0096E871 /* Views */ = {
			isa = PBXGroup;
			children = (
				9F1EB6E628E4CF540096E871 /* MainView.swift */,
				9F1EB70028E645F80096E871 /* SingleScoreView.swift */,
				9F1EB6FE28E6458E0096E871 /* HighScoresView.swift */,
				9F1EB6F228E5EB520096E871 /* DiceView.swift */,
			);
			path = Views;
			sourceTree = "<group>";
		};
		9F1EB70428E8E7E20096E871 /* Models */ = {
			isa = PBXGroup;
			children = (
				9F1EB6F428E5ED970096E871 /* DiceModel.swift */,
				9F1EB6FA28E63E7C0096E871 /* HighScoreModel.swift */,
			);
			path = Models;
			sourceTree = "<group>";
		};
/* End PBXGroup section */

/* Begin PBXNativeTarget section */
		9F1EB6E028E4CF540096E871 /* High Roller */ = {
			isa = PBXNativeTarget;
			buildConfigurationList = 9F1EB6EF28E4CF550096E871 /* Build configuration list for PBXNativeTarget "High Roller" */;
			buildPhases = (
				9F1EB6DD28E4CF540096E871 /* Sources */,
				9F1EB6DE28E4CF540096E871 /* Frameworks */,
				9F1EB6DF28E4CF540096E871 /* Resources */,
			);
			buildRules = (
			);
			dependencies = (
			);
			name = "High Roller";
			productName = "High Roller";
			productReference = 9F1EB6E128E4CF540096E871 /* High Roller.app */;
			productType = "com.apple.product-type.application";
		};
/* End PBXNativeTarget section */

/* Begin PBXProject section */
		9F1EB6D928E4CF540096E871 /* Project object */ = {
			isa = PBXProject;
			attributes = {
				BuildIndependentTargetsInParallel = 1;
				LastSwiftUpdateCheck = 1400;
				LastUpgradeCheck = 1400;
				TargetAttributes = {
					9F1EB6E028E4CF540096E871 = {
						CreatedOnToolsVersion = 14.0.1;
					};
				};
			};
			buildConfigurationList = 9F1EB6DC28E4CF540096E871 /* Build configuration list for PBXProject "High Roller" */;
			compatibilityVersion = "Xcode 14.0";
			developmentRegion = en;
			hasScannedForEncodings = 0;
			knownRegions = (
				en,
				Base,
			);
			mainGroup = 9F1EB6D828E4CF540096E871;
			productRefGroup = 9F1EB6E228E4CF540096E871 /* Products */;
			projectDirPath = "";
			projectRoot = "";
			targets = (
				9F1EB6E028E4CF540096E871 /* High Roller */,
			);
		};
/* End PBXProject section */

/* Begin PBXResourcesBuildPhase section */
		9F1EB6DF28E4CF540096E871 /* Resources */ = {
			isa = PBXResourcesBuildPhase;
			buildActionMask = 2147483647;
			files = (
				9F1EB6EC28E4CF550096E871 /* Preview Assets.xcassets in Resources */,
				9F1EB6E928E4CF550096E871 /* Assets.xcassets in Resources */,
			);
			runOnlyForDeploymentPostprocessing = 0;
		};
/* End PBXResourcesBuildPhase section */

/* Begin PBXSourcesBuildPhase section */
		9F1EB6DD28E4CF540096E871 /* Sources */ = {
			isa = PBXSourcesBuildPhase;
			buildActionMask = 2147483647;
			files = (
				9F1EB6F928E63E340096E871 /* FileManager-DocumentsDirectory.swift in Sources */,
				9F1EB6F728E61BE70096E871 /* HighRollerVM.swift in Sources */,
				9F1EB6FB28E63E7C0096E871 /* HighScoreModel.swift in Sources */,
				9F1EB6F528E5ED970096E871 /* DiceModel.swift in Sources */,
				9F1EB6E728E4CF540096E871 /* MainView.swift in Sources */,
				9F1EB70128E645F80096E871 /* SingleScoreView.swift in Sources */,
				9F1EB6F328E5EB520096E871 /* DiceView.swift in Sources */,
				9F1EB6E528E4CF540096E871 /* High_RollerApp.swift in Sources */,
				9F1EB6FF28E6458E0096E871 /* HighScoresView.swift in Sources */,
				9F1EB6FD28E640110096E871 /* HighScoresVM.swift in Sources */,
			);
			runOnlyForDeploymentPostprocessing = 0;
		};
/* End PBXSourcesBuildPhase section */

/* Begin XCBuildConfiguration section */
		9F1EB6ED28E4CF550096E871 /* Debug */ = {
			isa = XCBuildConfiguration;
			buildSettings = {
				ALWAYS_SEARCH_USER_PATHS = NO;
				CLANG_ANALYZER_NONNULL = YES;
				CLANG_ANALYZER_NUMBER_OBJECT_CONVERSION = YES_AGGRESSIVE;
				CLANG_CXX_LANGUAGE_STANDARD = "gnu++20";
				CLANG_ENABLE_MODULES = YES;
				CLANG_ENABLE_OBJC_ARC = YES;
				CLANG_ENABLE_OBJC_WEAK = YES;
				CLANG_WARN_BLOCK_CAPTURE_AUTORELEASING = YES;
				CLANG_WARN_BOOL_CONVERSION = YES;
				CLANG_WARN_COMMA = YES;
				CLANG_WARN_CONSTANT_CONVERSION = YES;
				CLANG_WARN_DEPRECATED_OBJC_IMPLEMENTATIONS = YES;
				CLANG_WARN_DIRECT_OBJC_ISA_USAGE = YES_ERROR;
				CLANG_WARN_DOCUMENTATION_COMMENTS = YES;
				CLANG_WARN_EMPTY_BODY = YES;
				CLANG_WARN_ENUM_CONVERSION = YES;
				CLANG_WARN_INFINITE_RECURSION = YES;
				CLANG_WARN_INT_CONVERSION = YES;
				CLANG_WARN_NON_LITERAL_NULL_CONVERSION = YES;
				CLANG_WARN_OBJC_IMPLICIT_RETAIN_SELF = YES;
				CLANG_WARN_OBJC_LITERAL_CONVERSION = YES;
				CLANG_WARN_OBJC_ROOT_CLASS = YES_ERROR;
				CLANG_WARN_QUOTED_INCLUDE_IN_FRAMEWORK_HEADER = YES;
				CLANG_WARN_RANGE_LOOP_ANALYSIS = YES;
				CLANG_WARN_STRICT_PROTOTYPES = YES;
				CLANG_WARN_SUSPICIOUS_MOVE = YES;
				CLANG_WARN_UNGUARDED_AVAILABILITY = YES_AGGRESSIVE;
				CLANG_WARN_UNREACHABLE_CODE = YES;
				CLANG_WARN__DUPLICATE_METHOD_MATCH = YES;
				COPY_PHASE_STRIP = NO;
				DEBUG_INFORMATION_FORMAT = dwarf;
				ENABLE_STRICT_OBJC_MSGSEND = YES;
				ENABLE_TESTABILITY = YES;
				GCC_C_LANGUAGE_STANDARD = gnu11;
				GCC_DYNAMIC_NO_PIC = NO;
				GCC_NO_COMMON_BLOCKS = YES;
				GCC_OPTIMIZATION_LEVEL = 0;
				GCC_PREPROCESSOR_DEFINITIONS = (
					"DEBUG=1",
					"$(inherited)",
				);
				GCC_WARN_64_TO_32_BIT_CONVERSION = YES;
				GCC_WARN_ABOUT_RETURN_TYPE = YES_ERROR;
				GCC_WARN_UNDECLARED_SELECTOR = YES;
				GCC_WARN_UNINITIALIZED_AUTOS = YES_AGGRESSIVE;
				GCC_WARN_UNUSED_FUNCTION = YES;
				GCC_WARN_UNUSED_VARIABLE = YES;
				IPHONEOS_DEPLOYMENT_TARGET = 16.0;
				MTL_ENABLE_DEBUG_INFO = INCLUDE_SOURCE;
				MTL_FAST_MATH = YES;
				ONLY_ACTIVE_ARCH = YES;
				SDKROOT = iphoneos;
				SWIFT_ACTIVE_COMPILATION_CONDITIONS = DEBUG;
				SWIFT_OPTIMIZATION_LEVEL = "-Onone";
			};
			name = Debug;
		};
		9F1EB6EE28E4CF550096E871 /* Release */ = {
			isa = XCBuildConfiguration;
			buildSettings = {
				ALWAYS_SEARCH_USER_PATHS = NO;
				CLANG_ANALYZER_NONNULL = YES;
				CLANG_ANALYZER_NUMBER_OBJECT_CONVERSION = YES_AGGRESSIVE;
				CLANG_CXX_LANGUAGE_STANDARD = "gnu++20";
				CLANG_ENABLE_MODULES = YES;
				CLANG_ENABLE_OBJC_ARC = YES;
				CLANG_ENABLE_OBJC_WEAK = YES;
				CLANG_WARN_BLOCK_CAPTURE_AUTORELEASING = YES;
				CLANG_WARN_BOOL_CONVERSION = YES;
				CLANG_WARN_COMMA = YES;
				CLANG_WARN_CONSTANT_CONVERSION = YES;
				CLANG_WARN_DEPRECATED_OBJC_IMPLEMENTATIONS = YES;
				CLANG_WARN_DIRECT_OBJC_ISA_USAGE = YES_ERROR;
				CLANG_WARN_DOCUMENTATION_COMMENTS = YES;
				CLANG_WARN_EMPTY_BODY = YES;
				CLANG_WARN_ENUM_CONVERSION = YES;
				CLANG_WARN_INFINITE_RECURSION = YES;
				CLANG_WARN_INT_CONVERSION = YES;
				CLANG_WARN_NON_LITERAL_NULL_CONVERSION = YES;
				CLANG_WARN_OBJC_IMPLICIT_RETAIN_SELF = YES;
				CLANG_WARN_OBJC_LITERAL_CONVERSION = YES;
				CLANG_WARN_OBJC_ROOT_CLASS = YES_ERROR;
				CLANG_WARN_QUOTED_INCLUDE_IN_FRAMEWORK_HEADER = YES;
				CLANG_WARN_RANGE_LOOP_ANALYSIS = YES;
				CLANG_WARN_STRICT_PROTOTYPES = YES;
				CLANG_WARN_SUSPICIOUS_MOVE = YES;
				CLANG_WARN_UNGUARDED_AVAILABILITY = YES_AGGRESSIVE;
				CLANG_WARN_UNREACHABLE_CODE = YES;
				CLANG_WARN__DUPLICATE_METHOD_MATCH = YES;
				COPY_PHASE_STRIP = NO;
				DEBUG_INFORMATION_FORMAT = "dwarf-with-dsym";
				ENABLE_NS_ASSERTIONS = NO;
				ENABLE_STRICT_OBJC_MSGSEND = YES;
				GCC_C_LANGUAGE_STANDARD = gnu11;
				GCC_NO_COMMON_BLOCKS = YES;
				GCC_WARN_64_TO_32_BIT_CONVERSION = YES;
				GCC_WARN_ABOUT_RETURN_TYPE = YES_ERROR;
				GCC_WARN_UNDECLARED_SELECTOR = YES;
				GCC_WARN_UNINITIALIZED_AUTOS = YES_AGGRESSIVE;
				GCC_WARN_UNUSED_FUNCTION = YES;
				GCC_WARN_UNUSED_VARIABLE = YES;
				IPHONEOS_DEPLOYMENT_TARGET = 16.0;
				MTL_ENABLE_DEBUG_INFO = NO;
				MTL_FAST_MATH = YES;
				SDKROOT = iphoneos;
				SWIFT_COMPILATION_MODE = wholemodule;
				SWIFT_OPTIMIZATION_LEVEL = "-O";
				VALIDATE_PRODUCT = YES;
			};
			name = Release;
		};
		9F1EB6F028E4CF550096E871 /* Debug */ = {
			isa = XCBuildConfiguration;
			buildSettings = {
				ASSETCATALOG_COMPILER_APPICON_NAME = AppIcon;
				ASSETCATALOG_COMPILER_GLOBAL_ACCENT_COLOR_NAME = AccentColor;
				CODE_SIGN_STYLE = Automatic;
				CURRENT_PROJECT_VERSION = 1;
				DEVELOPMENT_ASSET_PATHS = "\"High Roller/Preview Content\"";
				DEVELOPMENT_TEAM = Z8X43A4TG9;
				ENABLE_PREVIEWS = YES;
				GENERATE_INFOPLIST_FILE = YES;
				INFOPLIST_KEY_UIApplicationSceneManifest_Generation = YES;
				INFOPLIST_KEY_UIApplicationSupportsIndirectInputEvents = YES;
				INFOPLIST_KEY_UILaunchScreen_Generation = YES;
				INFOPLIST_KEY_UISupportedInterfaceOrientations_iPad = "UIInterfaceOrientationPortrait UIInterfaceOrientationPortraitUpsideDown UIInterfaceOrientationLandscapeLeft UIInterfaceOrientationLandscapeRight";
				INFOPLIST_KEY_UISupportedInterfaceOrientations_iPhone = "UIInterfaceOrientationPortrait UIInterfaceOrientationLandscapeLeft UIInterfaceOrientationLandscapeRight";
				LD_RUNPATH_SEARCH_PATHS = (
					"$(inherited)",
					"@executable_path/Frameworks",
				);
				MARKETING_VERSION = 1.0;
				PRODUCT_BUNDLE_IDENTIFIER = "abo.High-Roller";
				PRODUCT_NAME = "$(TARGET_NAME)";
				SWIFT_EMIT_LOC_STRINGS = YES;
				SWIFT_VERSION = 5.0;
				TARGETED_DEVICE_FAMILY = "1,2";
			};
			name = Debug;
		};
		9F1EB6F128E4CF550096E871 /* Release */ = {
			isa = XCBuildConfiguration;
			buildSettings = {
				ASSETCATALOG_COMPILER_APPICON_NAME = AppIcon;
				ASSETCATALOG_COMPILER_GLOBAL_ACCENT_COLOR_NAME = AccentColor;
				CODE_SIGN_STYLE = Automatic;
				CURRENT_PROJECT_VERSION = 1;
				DEVELOPMENT_ASSET_PATHS = "\"High Roller/Preview Content\"";
				DEVELOPMENT_TEAM = Z8X43A4TG9;
				ENABLE_PREVIEWS = YES;
				GENERATE_INFOPLIST_FILE = YES;
				INFOPLIST_KEY_UIApplicationSceneManifest_Generation = YES;
				INFOPLIST_KEY_UIApplicationSupportsIndirectInputEvents = YES;
				INFOPLIST_KEY_UILaunchScreen_Generation = YES;
				INFOPLIST_KEY_UISupportedInterfaceOrientations_iPad = "UIInterfaceOrientationPortrait UIInterfaceOrientationPortraitUpsideDown UIInterfaceOrientationLandscapeLeft UIInterfaceOrientationLandscapeRight";
				INFOPLIST_KEY_UISupportedInterfaceOrientations_iPhone = "UIInterfaceOrientationPortrait UIInterfaceOrientationLandscapeLeft UIInterfaceOrientationLandscapeRight";
				LD_RUNPATH_SEARCH_PATHS = (
					"$(inherited)",
					"@executable_path/Frameworks",
				);
				MARKETING_VERSION = 1.0;
				PRODUCT_BUNDLE_IDENTIFIER = "abo.High-Roller";
				PRODUCT_NAME = "$(TARGET_NAME)";
				SWIFT_EMIT_LOC_STRINGS = YES;
				SWIFT_VERSION = 5.0;
				TARGETED_DEVICE_FAMILY = "1,2";
			};
			name = Release;
		};
/* End XCBuildConfiguration section */

/* Begin XCConfigurationList section */
		9F1EB6DC28E4CF540096E871 /* Build configuration list for PBXProject "High Roller" */ = {
			isa = XCConfigurationList;
			buildConfigurations = (
				9F1EB6ED28E4CF550096E871 /* Debug */,
				9F1EB6EE28E4CF550096E871 /* Release */,
			);
			defaultConfigurationIsVisible = 0;
			defaultConfigurationName = Release;
		};
		9F1EB6EF28E4CF550096E871 /* Build configuration list for PBXNativeTarget "High Roller" */ = {
			isa = XCConfigurationList;
			buildConfigurations = (
				9F1EB6F028E4CF550096E871 /* Debug */,
				9F1EB6F128E4CF550096E871 /* Release */,
			);
			defaultConfigurationIsVisible = 0;
			defaultConfigurationName = Release;
		};
/* End XCConfigurationList section */
	};
	rootObject = 9F1EB6D928E4CF540096E871 /* Project object */;
}
